
Microsoft Visual Studio Solution File, Format Version 12.00
# Visual Studio Version 16
VisualStudioVersion = 16.0.30413.136
MinimumVisualStudioVersion = 10.0.40219.1
Project("{FAE04EC0-301F-11D3-BF4B-00C04F79EFBC}") = "Casale_UnitTest2_Q14", "Casale_UnitTest2_Q14.csproj", "{01BC6FAC-8004-4F25-91DA-D78770B88B81}"
EndProject
Global
	GlobalSection(SolutionConfigurationPlatforms) = preSolution
		Debug|Any CPU = Debug|Any CPU
		Release|Any CPU = Release|Any CPU
	EndGlobalSection
	GlobalSection(ProjectConfigurationPlatforms) = postSolution
		{01BC6FAC-8004-4F25-91DA-D78770B88B81}.Debug|Any CPU.ActiveCfg = Debug|Any CPU
		{01BC6FAC-8004-4F25-91DA-D78770B88B81}.Debug|Any CPU.Build.0 = Debug|Any CPU
		{01BC6FAC-8004-4F25-91DA-D78770B88B81}.Release|Any CPU.ActiveCfg = Release|Any CPU
		{01BC6FAC-8004-4F25-91DA-D78770B88B81}.Release|Any CPU.Build.0 = Release|Any CPU
	EndGlobalSection
	GlobalSection(SolutionProperties) = preSolution
		HideSolutionNode = FALSE
	EndGlobalSection
	GlobalSection(ExtensibilityGlobals) = postSolution
		SolutionGuid = {60727D4D-D612-42CB-B077-D8EA6BD62F38}
	EndGlobalSection
EndGlobal
