
Microsoft Visual Studio Solution File, Format Version 12.00
# Visual Studio Version 16
VisualStudioVersion = 16.0.30413.136
MinimumVisualStudioVersion = 10.0.40219.1
Project("{FAE04EC0-301F-11D3-BF4B-00C04F79EFBC}") = "Casale_UnitTest1_Q2", "Casale_UnitTest1_Q2.csproj", "{61ABDC9C-C7DD-4638-8684-92AD550E2621}"
EndProject
Global
	GlobalSection(SolutionConfigurationPlatforms) = preSolution
		Debug|Any CPU = Debug|Any CPU
		Release|Any CPU = Release|Any CPU
	EndGlobalSection
	GlobalSection(ProjectConfigurationPlatforms) = postSolution
		{61ABDC9C-C7DD-4638-8684-92AD550E2621}.Debug|Any CPU.ActiveCfg = Debug|Any CPU
		{61ABDC9C-C7DD-4638-8684-92AD550E2621}.Debug|Any CPU.Build.0 = Debug|Any CPU
		{61ABDC9C-C7DD-4638-8684-92AD550E2621}.Release|Any CPU.ActiveCfg = Release|Any CPU
		{61ABDC9C-C7DD-4638-8684-92AD550E2621}.Release|Any CPU.Build.0 = Release|Any CPU
	EndGlobalSection
	GlobalSection(SolutionProperties) = preSolution
		HideSolutionNode = FALSE
	EndGlobalSection
	GlobalSection(ExtensibilityGlobals) = postSolution
		SolutionGuid = {E5160B2B-1A72-4396-8FA1-2E63317B11CA}
	EndGlobalSection
EndGlobal
