
Microsoft Visual Studio Solution File, Format Version 12.00
# Visual Studio Version 16
VisualStudioVersion = 16.0.30413.136
MinimumVisualStudioVersion = 10.0.40219.1
Project("{FAE04EC0-301F-11D3-BF4B-00C04F79EFBC}") = "GifFinder", "GifFinder.csproj", "{82E43481-3A83-4A1E-B87B-2CB3FFE54F88}"
EndProject
Global
	GlobalSection(SolutionConfigurationPlatforms) = preSolution
		Debug|Any CPU = Debug|Any CPU
		Release|Any CPU = Release|Any CPU
	EndGlobalSection
	GlobalSection(ProjectConfigurationPlatforms) = postSolution
		{82E43481-3A83-4A1E-B87B-2CB3FFE54F88}.Debug|Any CPU.ActiveCfg = Debug|Any CPU
		{82E43481-3A83-4A1E-B87B-2CB3FFE54F88}.Debug|Any CPU.Build.0 = Debug|Any CPU
		{82E43481-3A83-4A1E-B87B-2CB3FFE54F88}.Release|Any CPU.ActiveCfg = Release|Any CPU
		{82E43481-3A83-4A1E-B87B-2CB3FFE54F88}.Release|Any CPU.Build.0 = Release|Any CPU
	EndGlobalSection
	GlobalSection(SolutionProperties) = preSolution
		HideSolutionNode = FALSE
	EndGlobalSection
	GlobalSection(ExtensibilityGlobals) = postSolution
		SolutionGuid = {6D56CE25-305A-43ED-A94F-2CE8D215230D}
	EndGlobalSection
EndGlobal
