
Microsoft Visual Studio Solution File, Format Version 12.00
# Visual Studio Version 16
VisualStudioVersion = 16.0.30413.136
MinimumVisualStudioVersion = 10.0.40219.1
Project("{FAE04EC0-301F-11D3-BF4B-00C04F79EFBC}") = "Casale_UnitTest1_Q4", "Casale_UnitTest1_Q4.csproj", "{5584369B-75E1-496A-9E68-5576FCBBA1C7}"
EndProject
Global
	GlobalSection(SolutionConfigurationPlatforms) = preSolution
		Debug|Any CPU = Debug|Any CPU
		Release|Any CPU = Release|Any CPU
	EndGlobalSection
	GlobalSection(ProjectConfigurationPlatforms) = postSolution
		{5584369B-75E1-496A-9E68-5576FCBBA1C7}.Debug|Any CPU.ActiveCfg = Debug|Any CPU
		{5584369B-75E1-496A-9E68-5576FCBBA1C7}.Debug|Any CPU.Build.0 = Debug|Any CPU
		{5584369B-75E1-496A-9E68-5576FCBBA1C7}.Release|Any CPU.ActiveCfg = Release|Any CPU
		{5584369B-75E1-496A-9E68-5576FCBBA1C7}.Release|Any CPU.Build.0 = Release|Any CPU
	EndGlobalSection
	GlobalSection(SolutionProperties) = preSolution
		HideSolutionNode = FALSE
	EndGlobalSection
	GlobalSection(ExtensibilityGlobals) = postSolution
		SolutionGuid = {1C76E187-5192-4CFA-879C-0D228D98630E}
	EndGlobalSection
EndGlobal
